{
  "object": {
    "pins": [
      {
        "package": "FetchImage",
        "repositoryURL": "https://github.com/kean/FetchImage",
        "state": {
          "branch": null,
          "revision": "3b68b12f25d6060ed102523ebff394c4f8e31cec",
          "version": "0.3.0"
        }
      },
      {
        "package": "LoremSwiftum",
        "repositoryURL": "https://github.com/lukaskubanek/LoremSwiftum",
        "state": {
          "branch": null,
          "revision": "eef89bf8b9937462f9c493789609897763b383e2",
          "version": "2.2.1"
        }
      },
      {
        "package": "monki-projects-model-swift",
        "repositoryURL": "https://github.com/MonkiProjects/monki-projects-model-swift",
        "state": {
          "branch": null,
          "revision": "e5bed426771978a3865101d676205058e27b5fac",
          "version": "0.5.2"
        }
      },
      {
        "package": "Nuke",
        "repositoryURL": "https://github.com/kean/Nuke.git",
        "state": {
          "branch": null,
          "revision": "7f73ceaeacd5df75a7994cd82e165ad9ff1815db",
          "version": "9.6.1"
        }
      },
      {
        "package": "swift-prefixed-uuid",
        "repositoryURL": "https://github.com/RemiBardon/swift-prefixed-uuid",
        "state": {
          "branch": null,
          "revision": "160a297b20367defda547bf9843d8e65830448c2",
          "version": "1.0.3"
        }
      },
      {
        "package": "SwiftFlags",
        "repositoryURL": "https://github.com/BubiDevs/SwiftFlags",
        "state": {
          "branch": null,
          "revision": "9862d08828602e96eaafbb680ba0a53ee41c2dab",
          "version": "1.2.0"
        }
      }
    ]
  },
  "version": 1
}
